lockfileVersion: 5.4

specifiers:
  '@types/video.js': ^7.3.56
  '@videojs-player/vue': ^1.0.0
  '@vitejs/plugin-vue': ^4.5.2
  '@vueuse/core': ^10.7.0
  vant: ^4.8.1
  video.js: ^7.21.5
  vite: ^5.0.8
  vue: ^3.3.11

dependencies:
  '@types/video.js': 7.3.56
  '@videojs-player/vue': 1.0.0_7o2rzalryhooyikdfhbej3t6ju
  '@vueuse/core': 10.7.0_vue@3.3.13
  vant: 4.8.1_vue@3.3.13
  video.js: 7.21.5
  vue: 3.3.13

devDependencies:
  '@vitejs/plugin-vue': 4.6.0_vite@5.0.10+vue@3.3.13
  vite: 5.0.10

packages:

  /@babel/helper-string-parser/7.23.4:
    resolution: {integrity: sha512-803gmbQdqwdf4olxrX4AJyFBV/RTr3rSmOj0rKwesmzlfhYNDEs+/iOcznzpNWlJlIlTJC2QfPFcHB6DlzdVLQ==}
    engines: {node: '>=6.9.0'}

  /@babel/helper-validator-identifier/7.22.20:
    resolution: {integrity: sha512-Y4OZ+ytlatR8AI+8KZfKuL5urKp7qey08ha31L8b3BwewJAoJamTzyvxPR/5D+KkdJCGPq/+8TukHBlY10FX9A==}
    engines: {node: '>=6.9.0'}

  /@babel/parser/7.23.6:
    resolution: {integrity: sha512-Z2uID7YJ7oNvAI20O9X0bblw7Qqs8Q2hFy0R9tAfnfLkp5MW0UH9eUvnDSnFwKZ0AvgS1ucqR4KzvVHgnke1VQ==}
    engines: {node: '>=6.0.0'}
    hasBin: true
    dependencies:
      '@babel/types': 7.23.6

  /@babel/runtime/7.23.6:
    resolution: {integrity: sha512-zHd0eUrf5GZoOWVCXp6koAKQTfZV07eit6bGPmJgnZdnSAvvZee6zniW2XMF7Cmc4ISOOnPy3QaSiIJGJkVEDQ==}
    engines: {node: '>=6.9.0'}
    dependencies:
      regenerator-runtime: 0.14.1
    dev: false

  /@babel/types/7.23.6:
    resolution: {integrity: sha512-+uarb83brBzPKN38NX1MkB6vb6+mwvR6amUulqAE7ccQw1pEl+bCia9TbdG1lsnFP7lZySvUn37CHyXQdfTwzg==}
    engines: {node: '>=6.9.0'}
    dependencies:
      '@babel/helper-string-parser': 7.23.4
      '@babel/helper-validator-identifier': 7.22.20
      to-fast-properties: 2.0.0

  /@esbuild/aix-ppc64/0.19.10:
    resolution: {integrity: sha512-Q+mk96KJ+FZ30h9fsJl+67IjNJm3x2eX+GBWGmocAKgzp27cowCOOqSdscX80s0SpdFXZnIv/+1xD1EctFx96Q==}
    engines: {node: '>=12'}
    cpu: [ppc64]
    os: [aix]
    requiresBuild: true
    dev: true
    optional: true

  /@esbuild/android-arm/0.19.10:
    resolution: {integrity: sha512-7W0bK7qfkw1fc2viBfrtAEkDKHatYfHzr/jKAHNr9BvkYDXPcC6bodtm8AyLJNNuqClLNaeTLuwURt4PRT9d7w==}
    engines: {node: '>=12'}
    cpu: [arm]
    os: [android]
    requiresBuild: true
    dev: true
    optional: true

  /@esbuild/android-arm64/0.19.10:
    resolution: {integrity: sha512-1X4CClKhDgC3by7k8aOWZeBXQX8dHT5QAMCAQDArCLaYfkppoARvh0fit3X2Qs+MXDngKcHv6XXyQCpY0hkK1Q==}
    engines: {node: '>=12'}
    cpu: [arm64]
    os: [android]
    requiresBuild: true
    dev: true
    optional: true

  /@esbuild/android-x64/0.19.10:
    resolution: {integrity: sha512-O/nO/g+/7NlitUxETkUv/IvADKuZXyH4BHf/g/7laqKC4i/7whLpB0gvpPc2zpF0q9Q6FXS3TS75QHac9MvVWw==}
    engines: {node: '>=12'}
    cpu: [x64]
    os: [android]
    requiresBuild: true
    dev: true
    optional: true

  /@esbuild/darwin-arm64/0.19.10:
    resolution: {integrity: sha512-YSRRs2zOpwypck+6GL3wGXx2gNP7DXzetmo5pHXLrY/VIMsS59yKfjPizQ4lLt5vEI80M41gjm2BxrGZ5U+VMA==}
    engines: {node: '>=12'}
    cpu: [arm64]
    os: [darwin]
    requiresBuild: true
    dev: true
    optional: true

  /@esbuild/darwin-x64/0.19.10:
    resolution: {integrity: sha512-alfGtT+IEICKtNE54hbvPg13xGBe4GkVxyGWtzr+yHO7HIiRJppPDhOKq3zstTcVf8msXb/t4eavW3jCDpMSmA==}
    engines: {node: '>=12'}
    cpu: [x64]
    os: [darwin]
    requiresBuild: true
    dev: true
    optional: true

  /@esbuild/freebsd-arm64/0.19.10:
    resolution: {integrity: sha512-dMtk1wc7FSH8CCkE854GyGuNKCewlh+7heYP/sclpOG6Cectzk14qdUIY5CrKDbkA/OczXq9WesqnPl09mj5dg==}
    engines: {node: '>=12'}
    cpu: [arm64]
    os: [freebsd]
    requiresBuild: true
    dev: true
    optional: true

  /@esbuild/freebsd-x64/0.19.10:
    resolution: {integrity: sha512-G5UPPspryHu1T3uX8WiOEUa6q6OlQh6gNl4CO4Iw5PS+Kg5bVggVFehzXBJY6X6RSOMS8iXDv2330VzaObm4Ag==}
    engines: {node: '>=12'}
    cpu: [x64]
    os: [freebsd]
    requiresBuild: true
    dev: true
    optional: true

  /@esbuild/linux-arm/0.19.10:
    resolution: {integrity: sha512-j6gUW5aAaPgD416Hk9FHxn27On28H4eVI9rJ4az7oCGTFW48+LcgNDBN+9f8rKZz7EEowo889CPKyeaD0iw9Kg==}
    engines: {node: '>=12'}
    cpu: [arm]
    os: [linux]
    requiresBuild: true
    dev: true
    optional: true

  /@esbuild/linux-arm64/0.19.10:
    resolution: {integrity: sha512-QxaouHWZ+2KWEj7cGJmvTIHVALfhpGxo3WLmlYfJ+dA5fJB6lDEIg+oe/0//FuyVHuS3l79/wyBxbHr0NgtxJQ==}
    engines: {node: '>=12'}
    cpu: [arm64]
    os: [linux]
    requiresBuild: true
    dev: true
    optional: true

  /@esbuild/linux-ia32/0.19.10:
    resolution: {integrity: sha512-4ub1YwXxYjj9h1UIZs2hYbnTZBtenPw5NfXCRgEkGb0b6OJ2gpkMvDqRDYIDRjRdWSe/TBiZltm3Y3Q8SN1xNg==}
    engines: {node: '>=12'}
    cpu: [ia32]
    os: [linux]
    requiresBuild: true
    dev: true
    optional: true

  /@esbuild/linux-loong64/0.19.10:
    resolution: {integrity: sha512-lo3I9k+mbEKoxtoIbM0yC/MZ1i2wM0cIeOejlVdZ3D86LAcFXFRdeuZmh91QJvUTW51bOK5W2BznGNIl4+mDaA==}
    engines: {node: '>=12'}
    cpu: [loong64]
    os: [linux]
    requiresBuild: true
    dev: true
    optional: true

  /@esbuild/linux-mips64el/0.19.10:
    resolution: {integrity: sha512-J4gH3zhHNbdZN0Bcr1QUGVNkHTdpijgx5VMxeetSk6ntdt+vR1DqGmHxQYHRmNb77tP6GVvD+K0NyO4xjd7y4A==}
    engines: {node: '>=12'}
    cpu: [mips64el]
    os: [linux]
    requiresBuild: true
    dev: true
    optional: true

  /@esbuild/linux-ppc64/0.19.10:
    resolution: {integrity: sha512-tgT/7u+QhV6ge8wFMzaklOY7KqiyitgT1AUHMApau32ZlvTB/+efeCtMk4eXS+uEymYK249JsoiklZN64xt6oQ==}
    engines: {node: '>=12'}
    cpu: [ppc64]
    os: [linux]
    requiresBuild: true
    dev: true
    optional: true

  /@esbuild/linux-riscv64/0.19.10:
    resolution: {integrity: sha512-0f/spw0PfBMZBNqtKe5FLzBDGo0SKZKvMl5PHYQr3+eiSscfJ96XEknCe+JoOayybWUFQbcJTrk946i3j9uYZA==}
    engines: {node: '>=12'}
    cpu: [riscv64]
    os: [linux]
    requiresBuild: true
    dev: true
    optional: true

  /@esbuild/linux-s390x/0.19.10:
    resolution: {integrity: sha512-pZFe0OeskMHzHa9U38g+z8Yx5FNCLFtUnJtQMpwhS+r4S566aK2ci3t4NCP4tjt6d5j5uo4h7tExZMjeKoehAA==}
    engines: {node: '>=12'}
    cpu: [s390x]
    os: [linux]
    requiresBuild: true
    dev: true
    optional: true

  /@esbuild/linux-x64/0.19.10:
    resolution: {integrity: sha512-SpYNEqg/6pZYoc+1zLCjVOYvxfZVZj6w0KROZ3Fje/QrM3nfvT2llI+wmKSrWuX6wmZeTapbarvuNNK/qepSgA==}
    engines: {node: '>=12'}
    cpu: [x64]
    os: [linux]
    requiresBuild: true
    dev: true
    optional: true

  /@esbuild/netbsd-x64/0.19.10:
    resolution: {integrity: sha512-ACbZ0vXy9zksNArWlk2c38NdKg25+L9pr/mVaj9SUq6lHZu/35nx2xnQVRGLrC1KKQqJKRIB0q8GspiHI3J80Q==}
    engines: {node: '>=12'}
    cpu: [x64]
    os: [netbsd]
    requiresBuild: true
    dev: true
    optional: true

  /@esbuild/openbsd-x64/0.19.10:
    resolution: {integrity: sha512-PxcgvjdSjtgPMiPQrM3pwSaG4kGphP+bLSb+cihuP0LYdZv1epbAIecHVl5sD3npkfYBZ0ZnOjR878I7MdJDFg==}
    engines: {node: '>=12'}
    cpu: [x64]
    os: [openbsd]
    requiresBuild: true
    dev: true
    optional: true

  /@esbuild/sunos-x64/0.19.10:
    resolution: {integrity: sha512-ZkIOtrRL8SEJjr+VHjmW0znkPs+oJXhlJbNwfI37rvgeMtk3sxOQevXPXjmAPZPigVTncvFqLMd+uV0IBSEzqA==}
    engines: {node: '>=12'}
    cpu: [x64]
    os: [sunos]
    requiresBuild: true
    dev: true
    optional: true

  /@esbuild/win32-arm64/0.19.10:
    resolution: {integrity: sha512-+Sa4oTDbpBfGpl3Hn3XiUe4f8TU2JF7aX8cOfqFYMMjXp6ma6NJDztl5FDG8Ezx0OjwGikIHw+iA54YLDNNVfw==}
    engines: {node: '>=12'}
    cpu: [arm64]
    os: [win32]
    requiresBuild: true
    dev: true
    optional: true

  /@esbuild/win32-ia32/0.19.10:
    resolution: {integrity: sha512-EOGVLK1oWMBXgfttJdPHDTiivYSjX6jDNaATeNOaCOFEVcfMjtbx7WVQwPSE1eIfCp/CaSF2nSrDtzc4I9f8TQ==}
    engines: {node: '>=12'}
    cpu: [ia32]
    os: [win32]
    requiresBuild: true
    dev: true
    optional: true

  /@esbuild/win32-x64/0.19.10:
    resolution: {integrity: sha512-whqLG6Sc70AbU73fFYvuYzaE4MNMBIlR1Y/IrUeOXFrWHxBEjjbZaQ3IXIQS8wJdAzue2GwYZCjOrgrU1oUHoA==}
    engines: {node: '>=12'}
    cpu: [x64]
    os: [win32]
    requiresBuild: true
    dev: true
    optional: true

  /@jridgewell/sourcemap-codec/1.4.15:
    resolution: {integrity: sha512-eF2rxCRulEKXHTRiDrDy6erMYWqNw4LPdQ8UQA4huuxaQsVeRPFl2oM8oDGxMFhJUWZf9McpLtJasDDZb/Bpeg==}

  /@rollup/rollup-android-arm-eabi/4.9.1:
    resolution: {integrity: sha512-6vMdBZqtq1dVQ4CWdhFwhKZL6E4L1dV6jUjuBvsavvNJSppzi6dLBbuV+3+IyUREaj9ZFvQefnQm28v4OCXlig==}
    cpu: [arm]
    os: [android]
    requiresBuild: true
    dev: true
    optional: true

  /@rollup/rollup-android-arm64/4.9.1:
    resolution: {integrity: sha512-Jto9Fl3YQ9OLsTDWtLFPtaIMSL2kwGyGoVCmPC8Gxvym9TCZm4Sie+cVeblPO66YZsYH8MhBKDMGZ2NDxuk/XQ==}
    cpu: [arm64]
    os: [android]
    requiresBuild: true
    dev: true
    optional: true

  /@rollup/rollup-darwin-arm64/4.9.1:
    resolution: {integrity: sha512-LtYcLNM+bhsaKAIGwVkh5IOWhaZhjTfNOkGzGqdHvhiCUVuJDalvDxEdSnhFzAn+g23wgsycmZk1vbnaibZwwA==}
    cpu: [arm64]
    os: [darwin]
    requiresBuild: true
    dev: true
    optional: true

  /@rollup/rollup-darwin-x64/4.9.1:
    resolution: {integrity: sha512-KyP/byeXu9V+etKO6Lw3E4tW4QdcnzDG/ake031mg42lob5tN+5qfr+lkcT/SGZaH2PdW4Z1NX9GHEkZ8xV7og==}
    cpu: [x64]
    os: [darwin]
    requiresBuild: true
    dev: true
    optional: true

  /@rollup/rollup-linux-arm-gnueabihf/4.9.1:
    resolution: {integrity: sha512-Yqz/Doumf3QTKplwGNrCHe/B2p9xqDghBZSlAY0/hU6ikuDVQuOUIpDP/YcmoT+447tsZTmirmjgG3znvSCR0Q==}
    cpu: [arm]
    os: [linux]
    requiresBuild: true
    dev: true
    optional: true

  /@rollup/rollup-linux-arm64-gnu/4.9.1:
    resolution: {integrity: sha512-u3XkZVvxcvlAOlQJ3UsD1rFvLWqu4Ef/Ggl40WAVCuogf4S1nJPHh5RTgqYFpCOvuGJ7H5yGHabjFKEZGExk5Q==}
    cpu: [arm64]
    os: [linux]
    libc: [glibc]
    requiresBuild: true
    dev: true
    optional: true

  /@rollup/rollup-linux-arm64-musl/4.9.1:
    resolution: {integrity: sha512-0XSYN/rfWShW+i+qjZ0phc6vZ7UWI8XWNz4E/l+6edFt+FxoEghrJHjX1EY/kcUGCnZzYYRCl31SNdfOi450Aw==}
    cpu: [arm64]
    os: [linux]
    libc: [musl]
    requiresBuild: true
    dev: true
    optional: true

  /@rollup/rollup-linux-riscv64-gnu/4.9.1:
    resolution: {integrity: sha512-LmYIO65oZVfFt9t6cpYkbC4d5lKHLYv5B4CSHRpnANq0VZUQXGcCPXHzbCXCz4RQnx7jvlYB1ISVNCE/omz5cw==}
    cpu: [riscv64]
    os: [linux]
    libc: [glibc]
    requiresBuild: true
    dev: true
    optional: true

  /@rollup/rollup-linux-x64-gnu/4.9.1:
    resolution: {integrity: sha512-kr8rEPQ6ns/Lmr/hiw8sEVj9aa07gh1/tQF2Y5HrNCCEPiCBGnBUt9tVusrcBBiJfIt1yNaXN6r1CCmpbFEDpg==}
    cpu: [x64]
    os: [linux]
    libc: [glibc]
    requiresBuild: true
    dev: true
    optional: true

  /@rollup/rollup-linux-x64-musl/4.9.1:
    resolution: {integrity: sha512-t4QSR7gN+OEZLG0MiCgPqMWZGwmeHhsM4AkegJ0Kiy6TnJ9vZ8dEIwHw1LcZKhbHxTY32hp9eVCMdR3/I8MGRw==}
    cpu: [x64]
    os: [linux]
    libc: [musl]
    requiresBuild: true
    dev: true
    optional: true

  /@rollup/rollup-win32-arm64-msvc/4.9.1:
    resolution: {integrity: sha512-7XI4ZCBN34cb+BH557FJPmh0kmNz2c25SCQeT9OiFWEgf8+dL6ZwJ8f9RnUIit+j01u07Yvrsuu1rZGxJCc51g==}
    cpu: [arm64]
    os: [win32]
    requiresBuild: true
    dev: true
    optional: true

  /@rollup/rollup-win32-ia32-msvc/4.9.1:
    resolution: {integrity: sha512-yE5c2j1lSWOH5jp+Q0qNL3Mdhr8WuqCNVjc6BxbVfS5cAS6zRmdiw7ktb8GNpDCEUJphILY6KACoFoRtKoqNQg==}
    cpu: [ia32]
    os: [win32]
    requiresBuild: true
    dev: true
    optional: true

  /@rollup/rollup-win32-x64-msvc/4.9.1:
    resolution: {integrity: sha512-PyJsSsafjmIhVgaI1Zdj7m8BB8mMckFah/xbpplObyHfiXzKcI5UOUXRyOdHW7nz4DpMCuzLnF7v5IWHenCwYA==}
    cpu: [x64]
    os: [win32]
    requiresBuild: true
    dev: true
    optional: true

  /@types/video.js/7.3.56:
    resolution: {integrity: sha512-T3cp/kDuNj8scIzK87u0uomUDKnYQE1uHAA0zFPNGc0qCF3aLxZmMtpWvGxofEPNOpUfvtbsQMvwbjU42q8omw==}
    dev: false

  /@types/web-bluetooth/0.0.20:
    resolution: {integrity: sha512-g9gZnnXVq7gM7v3tJCWV/qw7w+KeOlSHAhgF9RytFyifW6AF61hdT2ucrYhPq9hLs5JIryeupHV3qGk95dH9ow==}
    dev: false

  /@vant/popperjs/1.3.0:
    resolution: {integrity: sha512-hB+czUG+aHtjhaEmCJDuXOep0YTZjdlRR+4MSmIFnkCQIxJaXLQdSsR90XWvAI2yvKUI7TCGqR8pQg2RtvkMHw==}
    dev: false

  /@vant/use/1.6.0_vue@3.3.13:
    resolution: {integrity: sha512-PHHxeAASgiOpSmMjceweIrv2AxDZIkWXyaczksMoWvKV2YAYEhoizRuk/xFnKF+emUIi46TsQ+rvlm/t2BBCfA==}
    peerDependencies:
      vue: ^3.0.0
    dependencies:
      vue: 3.3.13
    dev: false

  /@videojs-player/vue/1.0.0_7o2rzalryhooyikdfhbej3t6ju:
    resolution: {integrity: sha512-WonTezRfKu3fYdQLt/ta+nuKH6gMZUv8l40Jke/j4Lae7IqeO/+lLAmBnh3ni88bwR+vkFXIlZ2Ci7VKInIYJg==}
    peerDependencies:
      '@types/video.js': 7.x
      video.js: 7.x
      vue: 3.x
    dependencies:
      '@types/video.js': 7.3.56
      video.js: 7.21.5
      vue: 3.3.13
    dev: false

  /@videojs/http-streaming/2.16.2_video.js@7.21.5:
    resolution: {integrity: sha512-etPTUdCFu7gUWc+1XcbiPr+lrhOcBu3rV5OL1M+3PDW89zskScAkkcdqYzP4pFodBPye/ydamQoTDScOnElw5A==}
    engines: {node: '>=8', npm: '>=5'}
    peerDependencies:
      video.js: ^6 || ^7
    dependencies:
      '@babel/runtime': 7.23.6
      '@videojs/vhs-utils': 3.0.5
      aes-decrypter: 3.1.3
      global: 4.4.0
      m3u8-parser: 4.8.0
      mpd-parser: 0.22.1
      mux.js: 6.0.1
      video.js: 7.21.5
    dev: false

  /@videojs/vhs-utils/3.0.5:
    resolution: {integrity: sha512-PKVgdo8/GReqdx512F+ombhS+Bzogiofy1LgAj4tN8PfdBx3HSS7V5WfJotKTqtOWGwVfSWsrYN/t09/DSryrw==}
    engines: {node: '>=8', npm: '>=5'}
    dependencies:
      '@babel/runtime': 7.23.6
      global: 4.4.0
      url-toolkit: 2.2.5
    dev: false

  /@videojs/xhr/2.6.0:
    resolution: {integrity: sha512-7J361GiN1tXpm+gd0xz2QWr3xNWBE+rytvo8J3KuggFaLg+U37gZQ2BuPLcnkfGffy2e+ozY70RHC8jt7zjA6Q==}
    dependencies:
      '@babel/runtime': 7.23.6
      global: 4.4.0
      is-function: 1.0.2
    dev: false

  /@vitejs/plugin-vue/4.6.0_vite@5.0.10+vue@3.3.13:
    resolution: {integrity: sha512-XHuyFdAikWRmHuAd89FOyUGIjrBU5KlxJtyi2hVeR9ySGFxQwE0bl5xAQju/ArMq5azdBivY4d+D2yPKwoYWUg==}
    engines: {node: ^14.18.0 || >=16.0.0}
    peerDependencies:
      vite: ^4.0.0 || ^5.0.0
      vue: ^3.2.25
    dependencies:
      vite: 5.0.10
      vue: 3.3.13
    dev: true

  /@vue/compiler-core/3.3.13:
    resolution: {integrity: sha512-bwi9HShGu7uaZLOErZgsH2+ojsEdsjerbf2cMXPwmvcgZfVPZ2BVZzCVnwZBxTAYd6Mzbmf6izcUNDkWnBBQ6A==}
    dependencies:
      '@babel/parser': 7.23.6
      '@vue/shared': 3.3.13
      estree-walker: 2.0.2
      source-map-js: 1.0.2

  /@vue/compiler-dom/3.3.13:
    resolution: {integrity: sha512-EYRDpbLadGtNL0Gph+HoKiYqXLqZ0xSSpR5Dvnu/Ep7ggaCbjRDIus1MMxTS2Qm0koXED4xSlvTZaTnI8cYAsw==}
    dependencies:
      '@vue/compiler-core': 3.3.13
      '@vue/shared': 3.3.13

  /@vue/compiler-sfc/3.3.13:
    resolution: {integrity: sha512-DQVmHEy/EKIgggvnGRLx21hSqnr1smUS9Aq8tfxiiot8UR0/pXKHN9k78/qQ7etyQTFj5em5nruODON7dBeumw==}
    dependencies:
      '@babel/parser': 7.23.6
      '@vue/compiler-core': 3.3.13
      '@vue/compiler-dom': 3.3.13
      '@vue/compiler-ssr': 3.3.13
      '@vue/reactivity-transform': 3.3.13
      '@vue/shared': 3.3.13
      estree-walker: 2.0.2
      magic-string: 0.30.5
      postcss: 8.4.32
      source-map-js: 1.0.2

  /@vue/compiler-ssr/3.3.13:
    resolution: {integrity: sha512-d/P3bCeUGmkJNS1QUZSAvoCIW4fkOKK3l2deE7zrp0ypJEy+En2AcypIkqvcFQOcw3F0zt2VfMvNsA9JmExTaw==}
    dependencies:
      '@vue/compiler-dom': 3.3.13
      '@vue/shared': 3.3.13

  /@vue/reactivity-transform/3.3.13:
    resolution: {integrity: sha512-oWnydGH0bBauhXvh5KXUy61xr9gKaMbtsMHk40IK9M4gMuKPJ342tKFarY0eQ6jef8906m35q37wwA8DMZOm5Q==}
    dependencies:
      '@babel/parser': 7.23.6
      '@vue/compiler-core': 3.3.13
      '@vue/shared': 3.3.13
      estree-walker: 2.0.2
      magic-string: 0.30.5

  /@vue/reactivity/3.3.13:
    resolution: {integrity: sha512-fjzCxceMahHhi4AxUBzQqqVhuA21RJ0COaWTbIBl1PruGW1CeY97louZzLi4smpYx+CHfFPPU/CS8NybbGvPKQ==}
    dependencies:
      '@vue/shared': 3.3.13

  /@vue/runtime-core/3.3.13:
    resolution: {integrity: sha512-1TzA5TvGuh2zUwMJgdfvrBABWZ7y8kBwBhm7BXk8rvdx2SsgcGfz2ruv2GzuGZNvL1aKnK8CQMV/jFOrxNQUMA==}
    dependencies:
      '@vue/reactivity': 3.3.13
      '@vue/shared': 3.3.13

  /@vue/runtime-dom/3.3.13:
    resolution: {integrity: sha512-JJkpE8R/hJKXqVTgUoODwS5wqKtOsmJPEqmp90PDVGygtJ4C0PtOkcEYXwhiVEmef6xeXcIlrT3Yo5aQ4qkHhQ==}
    dependencies:
      '@vue/runtime-core': 3.3.13
      '@vue/shared': 3.3.13
      csstype: 3.1.3

  /@vue/server-renderer/3.3.13_vue@3.3.13:
    resolution: {integrity: sha512-vSnN+nuf6iSqTL3Qgx/9A+BT+0Zf/VJOgF5uMZrKjYPs38GMYyAU1coDyBNHauehXDaP+zl73VhwWv0vBRBHcg==}
    peerDependencies:
      vue: 3.3.13
    dependencies:
      '@vue/compiler-ssr': 3.3.13
      '@vue/shared': 3.3.13
      vue: 3.3.13

  /@vue/shared/3.3.13:
    resolution: {integrity: sha512-/zYUwiHD8j7gKx2argXEMCUXVST6q/21DFU0sTfNX0URJroCe3b1UF6vLJ3lQDfLNIiiRl2ONp7Nh5UVWS6QnA==}

  /@vueuse/core/10.7.0_vue@3.3.13:
    resolution: {integrity: sha512-4EUDESCHtwu44ZWK3Gc/hZUVhVo/ysvdtwocB5vcauSV4B7NiGY5972WnsojB3vRNdxvAt7kzJWE2h9h7C9d5w==}
    dependencies:
      '@types/web-bluetooth': 0.0.20
      '@vueuse/metadata': 10.7.0
      '@vueuse/shared': 10.7.0_vue@3.3.13
      vue-demi: 0.14.6_vue@3.3.13
    transitivePeerDependencies:
      - '@vue/composition-api'
      - vue
    dev: false

  /@vueuse/metadata/10.7.0:
    resolution: {integrity: sha512-GlaH7tKP2iBCZ3bHNZ6b0cl9g0CJK8lttkBNUX156gWvNYhTKEtbweWLm9rxCPIiwzYcr/5xML6T8ZUEt+DkvA==}
    dev: false

  /@vueuse/shared/10.7.0_vue@3.3.13:
    resolution: {integrity: sha512-kc00uV6CiaTdc3i1CDC4a3lBxzaBE9AgYNtFN87B5OOscqeWElj/uza8qVDmk7/U8JbqoONLbtqiLJ5LGRuqlw==}
    dependencies:
      vue-demi: 0.14.6_vue@3.3.13
    transitivePeerDependencies:
      - '@vue/composition-api'
      - vue
    dev: false

  /@xmldom/xmldom/0.8.10:
    resolution: {integrity: sha512-2WALfTl4xo2SkGCYRt6rDTFfk9R1czmBvUQy12gK2KuRKIpWEhcbbzy8EZXtz/jkRqHX8bFEc6FC1HjX4TUWYw==}
    engines: {node: '>=10.0.0'}
    dev: false

  /aes-decrypter/3.1.3:
    resolution: {integrity: sha512-VkG9g4BbhMBy+N5/XodDeV6F02chEk9IpgRTq/0bS80y4dzy79VH2Gtms02VXomf3HmyRe3yyJYkJ990ns+d6A==}
    dependencies:
      '@babel/runtime': 7.23.6
      '@videojs/vhs-utils': 3.0.5
      global: 4.4.0
      pkcs7: 1.0.4
    dev: false

  /csstype/3.1.3:
    resolution: {integrity: sha512-M1uQkMl8rQK/szD0LNhtqxIPLpimGm8sOBwU7lLnCpSbTyY3yeU1Vc7l4KT5zT4s/yOxHH5O7tIuuLOCnLADRw==}

  /dom-walk/0.1.2:
    resolution: {integrity: sha512-6QvTW9mrGeIegrFXdtQi9pk7O/nSK6lSdXW2eqUspN5LWD7UTji2Fqw5V2YLjBpHEoU9Xl/eUWNpDeZvoyOv2w==}
    dev: false

  /esbuild/0.19.10:
    resolution: {integrity: sha512-S1Y27QGt/snkNYrRcswgRFqZjaTG5a5xM3EQo97uNBnH505pdzSNe/HLBq1v0RO7iK/ngdbhJB6mDAp0OK+iUA==}
    engines: {node: '>=12'}
    hasBin: true
    requiresBuild: true
    optionalDependencies:
      '@esbuild/aix-ppc64': 0.19.10
      '@esbuild/android-arm': 0.19.10
      '@esbuild/android-arm64': 0.19.10
      '@esbuild/android-x64': 0.19.10
      '@esbuild/darwin-arm64': 0.19.10
      '@esbuild/darwin-x64': 0.19.10
      '@esbuild/freebsd-arm64': 0.19.10
      '@esbuild/freebsd-x64': 0.19.10
      '@esbuild/linux-arm': 0.19.10
      '@esbuild/linux-arm64': 0.19.10
      '@esbuild/linux-ia32': 0.19.10
      '@esbuild/linux-loong64': 0.19.10
      '@esbuild/linux-mips64el': 0.19.10
      '@esbuild/linux-ppc64': 0.19.10
      '@esbuild/linux-riscv64': 0.19.10
      '@esbuild/linux-s390x': 0.19.10
      '@esbuild/linux-x64': 0.19.10
      '@esbuild/netbsd-x64': 0.19.10
      '@esbuild/openbsd-x64': 0.19.10
      '@esbuild/sunos-x64': 0.19.10
      '@esbuild/win32-arm64': 0.19.10
      '@esbuild/win32-ia32': 0.19.10
      '@esbuild/win32-x64': 0.19.10
    dev: true

  /estree-walker/2.0.2:
    resolution: {integrity: sha512-Rfkk/Mp/DL7JVje3u18FxFujQlTNR2q6QfMSMB7AvCBx91NGj/ba3kCfza0f6dVDbw7YlRf/nDrn7pQrCCyQ/w==}

  /fsevents/2.3.3:
    resolution: {integrity: sha512-5xoDfX+fL7faATnagmWPpbFtwh/R77WmMMqqHGS65C3vvB0YHrgF+B1YmZ3441tMj5n63k0212XNoJwzlhffQw==}
    engines: {node: ^8.16.0 || ^10.6.0 || >=11.0.0}
    os: [darwin]
    requiresBuild: true
    dev: true
    optional: true

  /global/4.4.0:
    resolution: {integrity: sha512-wv/LAoHdRE3BeTGz53FAamhGlPLhlssK45usmGFThIi4XqnBmjKQ16u+RNbP7WvigRZDxUsM0J3gcQ5yicaL0w==}
    dependencies:
      min-document: 2.19.0
      process: 0.11.10
    dev: false

  /individual/2.0.0:
    resolution: {integrity: sha512-pWt8hBCqJsUWI/HtcfWod7+N9SgAqyPEaF7JQjwzjn5vGrpg6aQ5qeAFQ7dx//UH4J1O+7xqew+gCeeFt6xN/g==}
    dev: false

  /is-function/1.0.2:
    resolution: {integrity: sha512-lw7DUp0aWXYg+CBCN+JKkcE0Q2RayZnSvnZBlwgxHBQhqt5pZNVy4Ri7H9GmmXkdu7LUthszM+Tor1u/2iBcpQ==}
    dev: false

  /keycode/2.2.0:
    resolution: {integrity: sha512-ps3I9jAdNtRpJrbBvQjpzyFbss/skHqzS+eu4RxKLaEAtFqkjZaB6TZMSivPbLxf4K7VI4SjR0P5mRCX5+Q25A==}
    dev: false

  /m3u8-parser/4.8.0:
    resolution: {integrity: sha512-UqA2a/Pw3liR6Df3gwxrqghCP17OpPlQj6RBPLYygf/ZSQ4MoSgvdvhvt35qV+3NaaA0FSZx93Ix+2brT1U7cA==}
    dependencies:
      '@babel/runtime': 7.23.6
      '@videojs/vhs-utils': 3.0.5
      global: 4.4.0
    dev: false

  /magic-string/0.30.5:
    resolution: {integrity: sha512-7xlpfBaQaP/T6Vh8MO/EqXSW5En6INHEvEXQiuff7Gku0PWjU3uf6w/j9o7O+SpB5fOAkrI5HeoNgwjEO0pFsA==}
    engines: {node: '>=12'}
    dependencies:
      '@jridgewell/sourcemap-codec': 1.4.15

  /min-document/2.19.0:
    resolution: {integrity: sha512-9Wy1B3m3f66bPPmU5hdA4DR4PB2OfDU/+GS3yAB7IQozE3tqXaVv2zOjgla7MEGSRv95+ILmOuvhLkOK6wJtCQ==}
    dependencies:
      dom-walk: 0.1.2
    dev: false

  /mpd-parser/0.22.1:
    resolution: {integrity: sha512-fwBebvpyPUU8bOzvhX0VQZgSohncbgYwUyJJoTSNpmy7ccD2ryiCvM7oRkn/xQH5cv73/xU7rJSNCLjdGFor0Q==}
    hasBin: true
    dependencies:
      '@babel/runtime': 7.23.6
      '@videojs/vhs-utils': 3.0.5
      '@xmldom/xmldom': 0.8.10
      global: 4.4.0
    dev: false

  /mux.js/6.0.1:
    resolution: {integrity: sha512-22CHb59rH8pWGcPGW5Og7JngJ9s+z4XuSlYvnxhLuc58cA1WqGDQPzuG8I+sPm1/p0CdgpzVTaKW408k5DNn8w==}
    engines: {node: '>=8', npm: '>=5'}
    hasBin: true
    dependencies:
      '@babel/runtime': 7.23.6
      global: 4.4.0
    dev: false

  /nanoid/3.3.7:
    resolution: {integrity: sha512-eSRppjcPIatRIMC1U6UngP8XFcz8MQWGQdt1MTBQ7NaAmvXDfvNxbvWV3x2y6CdEUciCSsDHDQZbhYaB8QEo2g==}
    engines: {node: ^10 || ^12 || ^13.7 || ^14 || >=15.0.1}
    hasBin: true

  /picocolors/1.0.0:
    resolution: {integrity: sha512-1fygroTLlHu66zi26VoTDv8yRgm0Fccecssto+MhsZ0D/DGW2sm8E8AjW7NU5VVTRt5GxbeZ5qBuJr+HyLYkjQ==}

  /pkcs7/1.0.4:
    resolution: {integrity: sha512-afRERtHn54AlwaF2/+LFszyAANTCggGilmcmILUzEjvs3XgFZT+xE6+QWQcAGmu4xajy+Xtj7acLOPdx5/eXWQ==}
    hasBin: true
    dependencies:
      '@babel/runtime': 7.23.6
    dev: false

  /postcss/8.4.32:
    resolution: {integrity: sha512-D/kj5JNu6oo2EIy+XL/26JEDTlIbB8hw85G8StOE6L74RQAVVP5rej6wxCNqyMbR4RkPfqvezVbPw81Ngd6Kcw==}
    engines: {node: ^10 || ^12 || >=14}
    dependencies:
      nanoid: 3.3.7
      picocolors: 1.0.0
      source-map-js: 1.0.2

  /process/0.11.10:
    resolution: {integrity: sha512-cdGef/drWFoydD1JsMzuFf8100nZl+GT+yacc2bEced5f9Rjk4z+WtFUTBu9PhOi9j/jfmBPu0mMEY4wIdAF8A==}
    engines: {node: '>= 0.6.0'}
    dev: false

  /regenerator-runtime/0.14.1:
    resolution: {integrity: sha512-dYnhHh0nJoMfnkZs6GmmhFknAGRrLznOu5nc9ML+EJxGvrx6H7teuevqVqCuPcPK//3eDrrjQhehXVx9cnkGdw==}
    dev: false

  /rollup/4.9.1:
    resolution: {integrity: sha512-pgPO9DWzLoW/vIhlSoDByCzcpX92bKEorbgXuZrqxByte3JFk2xSW2JEeAcyLc9Ru9pqcNNW+Ob7ntsk2oT/Xw==}
    engines: {node: '>=18.0.0', npm: '>=8.0.0'}
    hasBin: true
    optionalDependencies:
      '@rollup/rollup-android-arm-eabi': 4.9.1
      '@rollup/rollup-android-arm64': 4.9.1
      '@rollup/rollup-darwin-arm64': 4.9.1
      '@rollup/rollup-darwin-x64': 4.9.1
      '@rollup/rollup-linux-arm-gnueabihf': 4.9.1
      '@rollup/rollup-linux-arm64-gnu': 4.9.1
      '@rollup/rollup-linux-arm64-musl': 4.9.1
      '@rollup/rollup-linux-riscv64-gnu': 4.9.1
      '@rollup/rollup-linux-x64-gnu': 4.9.1
      '@rollup/rollup-linux-x64-musl': 4.9.1
      '@rollup/rollup-win32-arm64-msvc': 4.9.1
      '@rollup/rollup-win32-ia32-msvc': 4.9.1
      '@rollup/rollup-win32-x64-msvc': 4.9.1
      fsevents: 2.3.3
    dev: true

  /rust-result/1.0.0:
    resolution: {integrity: sha512-6cJzSBU+J/RJCF063onnQf0cDUOHs9uZI1oroSGnHOph+CQTIJ5Pp2hK5kEQq1+7yE/EEWfulSNXAQ2jikPthA==}
    dependencies:
      individual: 2.0.0
    dev: false

  /safe-json-parse/4.0.0:
    resolution: {integrity: sha512-RjZPPHugjK0TOzFrLZ8inw44s9bKox99/0AZW9o/BEQVrJfhI+fIHMErnPyRa89/yRXUUr93q+tiN6zhoVV4wQ==}
    dependencies:
      rust-result: 1.0.0
    dev: false

  /source-map-js/1.0.2:
    resolution: {integrity: sha512-R0XvVJ9WusLiqTCEiGCmICCMplcCkIwwR11mOSD9CR5u+IXYdiseeEuXCVAjS54zqwkLcPNnmU4OeJ6tUrWhDw==}
    engines: {node: '>=0.10.0'}

  /to-fast-properties/2.0.0:
    resolution: {integrity: sha512-/OaKK0xYrs3DmxRYqL/yDc+FxFUVYhDlXMhRmv3z915w2HF1tnN1omB354j8VUGO/hbRzyD6Y3sA7v7GS/ceog==}
    engines: {node: '>=4'}

  /url-toolkit/2.2.5:
    resolution: {integrity: sha512-mtN6xk+Nac+oyJ/PrI7tzfmomRVNFIWKUbG8jdYFt52hxbiReFAXIjYskvu64/dvuW71IcB7lV8l0HvZMac6Jg==}
    dev: false

  /vant/4.8.1_vue@3.3.13:
    resolution: {integrity: sha512-SkFZM3Z3Bwi5do+iQNfRgDi7b+Ka29rUUNzck06W2KoFie3CLTqSifLa5TuZCEoXPSkqR+fRH/VE5G57mmL8sg==}
    peerDependencies:
      vue: ^3.0.0
    dependencies:
      '@vant/popperjs': 1.3.0
      '@vant/use': 1.6.0_vue@3.3.13
      '@vue/shared': 3.3.13
      vue: 3.3.13
    dev: false

  /video.js/7.21.5:
    resolution: {integrity: sha512-WRq86tXZKrThA9mK+IR+v4tIQVVvnb5LhvL71fD2AX7TxVOPdaeK1X/wyuUruBqWaOG3w2sZXoMY6HF2Jlo9qA==}
    dependencies:
      '@babel/runtime': 7.23.6
      '@videojs/http-streaming': 2.16.2_video.js@7.21.5
      '@videojs/vhs-utils': 3.0.5
      '@videojs/xhr': 2.6.0
      aes-decrypter: 3.1.3
      global: 4.4.0
      keycode: 2.2.0
      m3u8-parser: 4.8.0
      mpd-parser: 0.22.1
      mux.js: 6.0.1
      safe-json-parse: 4.0.0
      videojs-font: 3.2.0
      videojs-vtt.js: 0.15.5
    dev: false

  /videojs-font/3.2.0:
    resolution: {integrity: sha512-g8vHMKK2/JGorSfqAZQUmYYNnXmfec4MLhwtEFS+mMs2IDY398GLysy6BH6K+aS1KMNu/xWZ8Sue/X/mdQPliA==}
    dev: false

  /videojs-vtt.js/0.15.5:
    resolution: {integrity: sha512-yZbBxvA7QMYn15Lr/ZfhhLPrNpI/RmCSCqgIff57GC2gIrV5YfyzLfLyZMj0NnZSAz8syB4N0nHXpZg9MyrMOQ==}
    dependencies:
      global: 4.4.0
    dev: false

  /vite/5.0.10:
    resolution: {integrity: sha512-2P8J7WWgmc355HUMlFrwofacvr98DAjoE52BfdbwQtyLH06XKwaL/FMnmKM2crF0iX4MpmMKoDlNCB1ok7zHCw==}
    engines: {node: ^18.0.0 || >=20.0.0}
    hasBin: true
    peerDependencies:
      '@types/node': ^18.0.0 || >=20.0.0
      less: '*'
      lightningcss: ^1.21.0
      sass: '*'
      stylus: '*'
      sugarss: '*'
      terser: ^5.4.0
    peerDependenciesMeta:
      '@types/node':
        optional: true
      less:
        optional: true
      lightningcss:
        optional: true
      sass:
        optional: true
      stylus:
        optional: true
      sugarss:
        optional: true
      terser:
        optional: true
    dependencies:
      esbuild: 0.19.10
      postcss: 8.4.32
      rollup: 4.9.1
    optionalDependencies:
      fsevents: 2.3.3
    dev: true

  /vue-demi/0.14.6_vue@3.3.13:
    resolution: {integrity: sha512-8QA7wrYSHKaYgUxDA5ZC24w+eHm3sYCbp0EzcDwKqN3p6HqtTCGR/GVsPyZW92unff4UlcSh++lmqDWN3ZIq4w==}
    engines: {node: '>=12'}
    hasBin: true
    requiresBuild: true
    peerDependencies:
      '@vue/composition-api': ^1.0.0-rc.1
      vue: ^3.0.0-0 || ^2.6.0
    peerDependenciesMeta:
      '@vue/composition-api':
        optional: true
    dependencies:
      vue: 3.3.13
    dev: false

  /vue/3.3.13:
    resolution: {integrity: sha512-LDnUpQvDgsfc0u/YgtAgTMXJlJQqjkxW1PVcOnJA5cshPleULDjHi7U45pl2VJYazSSvLH8UKcid/kzH8I0a0Q==}
    peerDependencies:
      typescript: '*'
    peerDependenciesMeta:
      typescript:
        optional: true
    dependencies:
      '@vue/compiler-dom': 3.3.13
      '@vue/compiler-sfc': 3.3.13
      '@vue/runtime-dom': 3.3.13
      '@vue/server-renderer': 3.3.13_vue@3.3.13
      '@vue/shared': 3.3.13
